// !$*UTF8*$!
{
	archiveVersion = 1;
	classes = {
	};
	objectVersion = 56;
	objects = {

/* Begin PBXBuildFile section */
		190516C52962CB19004E3A1E /* DrinkType.swift in Sources */ = {isa = PBXBuildFile; fileRef = 190516C42962CB19004E3A1E /* DrinkType.swift */; };
		190516C62962CB19004E3A1E /* DrinkType.swift in Sources */ = {isa = PBXBuildFile; fileRef = 190516C42962CB19004E3A1E /* DrinkType.swift */; };
		190745EC293F30DC00C6B5BF /* Pie.swift in Sources */ = {isa = PBXBuildFile; fileRef = 190745EB293F30DC00C6B5BF /* Pie.swift */; };
		1909FA81295C2FCA00D73F9E /* DateExtension.swift in Sources */ = {isa = PBXBuildFile; fileRef = 191BB21A2937FDC200F99A26 /* DateExtension.swift */; };
		1909FA82295C2FD300D73F9E /* GeneralExtensions.swift in Sources */ = {isa = PBXBuildFile; fileRef = 19FB055C29493FB90085709A /* GeneralExtensions.swift */; };
		1909FA83295C2FDD00D73F9E /* Persistence.swift in Sources */ = {isa = PBXBuildFile; fileRef = 1969C9D929375A070032AED5 /* Persistence.swift */; };
		1909FA84295C2FE500D73F9E /* WaterTypesListManager.swift in Sources */ = {isa = PBXBuildFile; fileRef = 1959016529407BEE008AE6D5 /* WaterTypesListManager.swift */; };
		1909FA85295C300100D73F9E /* WatterApp.xcdatamodeld in Sources */ = {isa = PBXBuildFile; fileRef = 1969C9DB29375A070032AED5 /* WatterApp.xcdatamodeld */; };
		1909FA86295C300900D73F9E /* UserPrivateinfo.swift in Sources */ = {isa = PBXBuildFile; fileRef = 190A72A629421998009E79C7 /* UserPrivateinfo.swift */; };
		1909FA87295C300900D73F9E /* DrinkItem.swift in Sources */ = {isa = PBXBuildFile; fileRef = 197A4545293C0098008B33DA /* DrinkItem.swift */; };
		1909FA88295C300900D73F9E /* DayItem.swift in Sources */ = {isa = PBXBuildFile; fileRef = 197A4547293C00B3008B33DA /* DayItem.swift */; };
		1909FA89295C300E00D73F9E /* AwardItem.swift in Sources */ = {isa = PBXBuildFile; fileRef = 196F6D45295A4751009D444F /* AwardItem.swift */; };
		1909FA8F295C936000D73F9E /* Provider.swift in Sources */ = {isa = PBXBuildFile; fileRef = 1909FA8E295C936000D73F9E /* Provider.swift */; };
		1909FA91295C955000D73F9E /* WatterAppWidgetView.swift in Sources */ = {isa = PBXBuildFile; fileRef = 1909FA90295C955000D73F9E /* WatterAppWidgetView.swift */; };
		1909FA96295D7C1E00D73F9E /* WaterEntry.swift in Sources */ = {isa = PBXBuildFile; fileRef = 1909FA92295D7C0500D73F9E /* WaterEntry.swift */; };
		1909FA97295D7FF500D73F9E /* WaveShape.swift in Sources */ = {isa = PBXBuildFile; fileRef = 197A454A293C0B7D008B33DA /* WaveShape.swift */; };
		1909FA99295D803E00D73F9E /* Constants.swift in Sources */ = {isa = PBXBuildFile; fileRef = 1909FA98295D803E00D73F9E /* Constants.swift */; };
		1909FA9A295D804E00D73F9E /* Constants.swift in Sources */ = {isa = PBXBuildFile; fileRef = 1909FA98295D803E00D73F9E /* Constants.swift */; };
		1909FA9D295DB24A00D73F9E /* WatterAppWidgetMediumView.swift in Sources */ = {isa = PBXBuildFile; fileRef = 1909FA9C295DB24A00D73F9E /* WatterAppWidgetMediumView.swift */; };
		1909FA9F295DB33900D73F9E /* WatterAppWidgetSmallView.swift in Sources */ = {isa = PBXBuildFile; fileRef = 1909FA9E295DB33900D73F9E /* WatterAppWidgetSmallView.swift */; };
		1909FAA0295DB5CA00D73F9E /* WaterTypesList.plist in Resources */ = {isa = PBXBuildFile; fileRef = 19F87C732940C59E00816561 /* WaterTypesList.plist */; };
		1909FAA1295DB61D00D73F9E /* AddWaterButton.swift in Sources */ = {isa = PBXBuildFile; fileRef = 193BB096293DF45400AB5840 /* AddWaterButton.swift */; };
		1909FAA3295DD53600D73F9E /* SpeedometerGaugeStyle.swift in Sources */ = {isa = PBXBuildFile; fileRef = 1909FAA2295DD53600D73F9E /* SpeedometerGaugeStyle.swift */; };
		1909FAA4295DD54100D73F9E /* SpeedometerGaugeStyle.swift in Sources */ = {isa = PBXBuildFile; fileRef = 1909FAA2295DD53600D73F9E /* SpeedometerGaugeStyle.swift */; };
		190A72A12941FF41009E79C7 /* PieDateUnit.swift in Sources */ = {isa = PBXBuildFile; fileRef = 190A72A02941FF41009E79C7 /* PieDateUnit.swift */; };
		190A72A32941FF6C009E79C7 /* PieDateVM.swift in Sources */ = {isa = PBXBuildFile; fileRef = 190A72A22941FF6C009E79C7 /* PieDateVM.swift */; };
		190A72A52941FFB9009E79C7 /* PieSliceView.swift in Sources */ = {isa = PBXBuildFile; fileRef = 190A72A42941FFB9009E79C7 /* PieSliceView.swift */; };
		190A72A729421998009E79C7 /* UserPrivateinfo.swift in Sources */ = {isa = PBXBuildFile; fileRef = 190A72A629421998009E79C7 /* UserPrivateinfo.swift */; };
		191BB21B2937FDC200F99A26 /* DateExtension.swift in Sources */ = {isa = PBXBuildFile; fileRef = 191BB21A2937FDC200F99A26 /* DateExtension.swift */; };
		191BB21D293805EA00F99A26 /* SettingsView.swift in Sources */ = {isa = PBXBuildFile; fileRef = 191BB21C293805EA00F99A26 /* SettingsView.swift */; };
		191BB21F2938063000F99A26 /* CustomButton.swift in Sources */ = {isa = PBXBuildFile; fileRef = 191BB21E2938063000F99A26 /* CustomButton.swift */; };
		191BB221293806A300F99A26 /* CustomButtonStyle.swift in Sources */ = {isa = PBXBuildFile; fileRef = 191BB220293806A300F99A26 /* CustomButtonStyle.swift */; };
		19277CEC29463119006BFE64 /* NotificationCenterManager.swift in Sources */ = {isa = PBXBuildFile; fileRef = 19277CEB29463119006BFE64 /* NotificationCenterManager.swift */; };
		1937D470293761490041FFCF /* MainView.swift in Sources */ = {isa = PBXBuildFile; fileRef = 1937D46F293761490041FFCF /* MainView.swift */; };
		1937D472293773400041FFCF /* Home.swift in Sources */ = {isa = PBXBuildFile; fileRef = 1937D471293773400041FFCF /* Home.swift */; };
		1938E92929587813003F8390 /* AwardListView.swift in Sources */ = {isa = PBXBuildFile; fileRef = 1938E92829587813003F8390 /* AwardListView.swift */; };
		1938E92B29587F3E003F8390 /* AwardListViewVM.swift in Sources */ = {isa = PBXBuildFile; fileRef = 1938E92A29587F3E003F8390 /* AwardListViewVM.swift */; };
		193BB086293D315F00AB5840 /* DropDown.swift in Sources */ = {isa = PBXBuildFile; fileRef = 193BB085293D315F00AB5840 /* DropDown.swift */; };
		193BB088293D33BF00AB5840 /* HomeVM.swift in Sources */ = {isa = PBXBuildFile; fileRef = 193BB087293D33BF00AB5840 /* HomeVM.swift */; };
		193BB08A293D42A100AB5840 /* SettingsReminderView.swift in Sources */ = {isa = PBXBuildFile; fileRef = 193BB089293D42A000AB5840 /* SettingsReminderView.swift */; };
		193BB08C293DF25B00AB5840 /* SettingsVM.swift in Sources */ = {isa = PBXBuildFile; fileRef = 193BB08B293DF25B00AB5840 /* SettingsVM.swift */; };
		193BB08F293DF39000AB5840 /* BackgroundGroupCaption.swift in Sources */ = {isa = PBXBuildFile; fileRef = 193BB08E293DF39000AB5840 /* BackgroundGroupCaption.swift */; };
		193BB091293DF3EB00AB5840 /* CustomNumberFiled.swift in Sources */ = {isa = PBXBuildFile; fileRef = 193BB090293DF3EB00AB5840 /* CustomNumberFiled.swift */; };
		193BB094293DF3FF00AB5840 /* CustomTextStringFiled.swift in Sources */ = {isa = PBXBuildFile; fileRef = 193BB092293DF3FF00AB5840 /* CustomTextStringFiled.swift */; };
		193BB095293DF3FF00AB5840 /* CustomTextTapView.swift in Sources */ = {isa = PBXBuildFile; fileRef = 193BB093293DF3FF00AB5840 /* CustomTextTapView.swift */; };
		193BB097293DF45400AB5840 /* AddWaterButton.swift in Sources */ = {isa = PBXBuildFile; fileRef = 193BB096293DF45400AB5840 /* AddWaterButton.swift */; };
		1949679A295997B90014BA4F /* GenericPopupView.swift in Sources */ = {isa = PBXBuildFile; fileRef = 19496799295997B90014BA4F /* GenericPopupView.swift */; };
		1949679C2959A36D0014BA4F /* ViewExtensions.swift in Sources */ = {isa = PBXBuildFile; fileRef = 1949679B2959A36D0014BA4F /* ViewExtensions.swift */; };
		1949679E2959A8630014BA4F /* BackgroundPopupCaption.swift in Sources */ = {isa = PBXBuildFile; fileRef = 1949679D2959A8630014BA4F /* BackgroundPopupCaption.swift */; };
		1957957F295B1C1B005E7BA4 /* AwardWinView.swift in Sources */ = {isa = PBXBuildFile; fileRef = 1957957E295B1C1B005E7BA4 /* AwardWinView.swift */; };
		19579587295C2CB4005E7BA4 /* WidgetKit.framework in Frameworks */ = {isa = PBXBuildFile; fileRef = 19579586295C2CB4005E7BA4 /* WidgetKit.framework */; };
		19579589295C2CB4005E7BA4 /* SwiftUI.framework in Frameworks */ = {isa = PBXBuildFile; fileRef = 19579588295C2CB4005E7BA4 /* SwiftUI.framework */; };
		1957958C295C2CB4005E7BA4 /* watterAppWidgetBundle.swift in Sources */ = {isa = PBXBuildFile; fileRef = 1957958B295C2CB4005E7BA4 /* watterAppWidgetBundle.swift */; };
		1957958E295C2CB4005E7BA4 /* watterAppWidgetLiveActivity.swift in Sources */ = {isa = PBXBuildFile; fileRef = 1957958D295C2CB4005E7BA4 /* watterAppWidgetLiveActivity.swift */; };
		19579590295C2CB4005E7BA4 /* watterAppWidget.swift in Sources */ = {isa = PBXBuildFile; fileRef = 1957958F295C2CB4005E7BA4 /* watterAppWidget.swift */; };
		19579593295C2CB9005E7BA4 /* Assets.xcassets in Resources */ = {isa = PBXBuildFile; fileRef = 19579592295C2CB9005E7BA4 /* Assets.xcassets */; };
		19579595295C2CB9005E7BA4 /* watterAppWidget.intentdefinition in Sources */ = {isa = PBXBuildFile; fileRef = 19579591295C2CB4005E7BA4 /* watterAppWidget.intentdefinition */; };
		19579596295C2CB9005E7BA4 /* watterAppWidget.intentdefinition in Sources */ = {isa = PBXBuildFile; fileRef = 19579591295C2CB4005E7BA4 /* watterAppWidget.intentdefinition */; };
		19579599295C2CB9005E7BA4 /* watterAppWidgetExtension.appex in Embed Foundation Extensions */ = {isa = PBXBuildFile; fileRef = 19579584295C2CB4005E7BA4 /* watterAppWidgetExtension.appex */; settings = {ATTRIBUTES = (RemoveHeadersOnCopy, ); }; };
		1959016629407BEE008AE6D5 /* WaterTypesListManager.swift in Sources */ = {isa = PBXBuildFile; fileRef = 1959016529407BEE008AE6D5 /* WaterTypesListManager.swift */; };
		196109942938B9EB00D505B2 /* StatisticsView.swift in Sources */ = {isa = PBXBuildFile; fileRef = 196109932938B9EB00D505B2 /* StatisticsView.swift */; };
		1965CF9B29618E250049BAC6 /* WaterTypesListView.swift in Sources */ = {isa = PBXBuildFile; fileRef = 1965CF9A29618E250049BAC6 /* WaterTypesListView.swift */; };
		1969C9D829375A070032AED5 /* WatterAppApp.swift in Sources */ = {isa = PBXBuildFile; fileRef = 1969C9D729375A070032AED5 /* WatterAppApp.swift */; };
		1969C9DA29375A070032AED5 /* Persistence.swift in Sources */ = {isa = PBXBuildFile; fileRef = 1969C9D929375A070032AED5 /* Persistence.swift */; };
		1969C9DD29375A070032AED5 /* WatterApp.xcdatamodeld in Sources */ = {isa = PBXBuildFile; fileRef = 1969C9DB29375A070032AED5 /* WatterApp.xcdatamodeld */; };
		1969C9DF29375A070032AED5 /* ContentView.swift in Sources */ = {isa = PBXBuildFile; fileRef = 1969C9DE29375A070032AED5 /* ContentView.swift */; };
		1969C9E129375A090032AED5 /* Assets.xcassets in Resources */ = {isa = PBXBuildFile; fileRef = 1969C9E029375A090032AED5 /* Assets.xcassets */; };
		1969C9E529375A090032AED5 /* Preview Assets.xcassets in Resources */ = {isa = PBXBuildFile; fileRef = 1969C9E429375A090032AED5 /* Preview Assets.xcassets */; };
		196F6D46295A4751009D444F /* AwardItem.swift in Sources */ = {isa = PBXBuildFile; fileRef = 196F6D45295A4751009D444F /* AwardItem.swift */; };
		19726A8029466496001A9A21 /* water3.png in Resources */ = {isa = PBXBuildFile; fileRef = 19726A7F29466496001A9A21 /* water3.png */; };
		19726A8229474E63001A9A21 /* AppDelegate.swift in Sources */ = {isa = PBXBuildFile; fileRef = 19726A8129474E63001A9A21 /* AppDelegate.swift */; };
		197A4544293C0010008B33DA /* StatisticsDetailsView.swift in Sources */ = {isa = PBXBuildFile; fileRef = 197A4543293C0010008B33DA /* StatisticsDetailsView.swift */; };
		197A4546293C0098008B33DA /* DrinkItem.swift in Sources */ = {isa = PBXBuildFile; fileRef = 197A4545293C0098008B33DA /* DrinkItem.swift */; };
		197A4548293C00B3008B33DA /* DayItem.swift in Sources */ = {isa = PBXBuildFile; fileRef = 197A4547293C00B3008B33DA /* DayItem.swift */; };
		197A454B293C0B7D008B33DA /* WaveShape.swift in Sources */ = {isa = PBXBuildFile; fileRef = 197A454A293C0B7D008B33DA /* WaveShape.swift */; };
		197A454D293C0B9F008B33DA /* ContinueRing.swift in Sources */ = {isa = PBXBuildFile; fileRef = 197A454C293C0B9F008B33DA /* ContinueRing.swift */; };
		19C72CCF2954526E009662FF /* MapManager.swift in Sources */ = {isa = PBXBuildFile; fileRef = 19C72CCE2954526E009662FF /* MapManager.swift */; };
		19C72CD129545299009662FF /* NewWorkoutManager.swift in Sources */ = {isa = PBXBuildFile; fileRef = 19C72CD029545299009662FF /* NewWorkoutManager.swift */; };
		19C72CD5295455A3009662FF /* MapView.swift in Sources */ = {isa = PBXBuildFile; fileRef = 19C72CD4295455A3009662FF /* MapView.swift */; };
		19C72CD729545605009662FF /* Workout.swift in Sources */ = {isa = PBXBuildFile; fileRef = 19C72CD629545605009662FF /* Workout.swift */; };
		19C72CD9295456A3009662FF /* WorkoutView.swift in Sources */ = {isa = PBXBuildFile; fileRef = 19C72CD8295456A3009662FF /* WorkoutView.swift */; };
		19C72CDB2954597A009662FF /* NewWorkoutInfoBarView.swift in Sources */ = {isa = PBXBuildFile; fileRef = 19C72CDA2954597A009662FF /* NewWorkoutInfoBarView.swift */; };
		19C72CDD29545AFD009662FF /* WorkoutInfoBarView.swift in Sources */ = {isa = PBXBuildFile; fileRef = 19C72CDC29545AFD009662FF /* WorkoutInfoBarView.swift */; };
		19C72CDF29545EB5009662FF /* HealthKitDataStore.swift in Sources */ = {isa = PBXBuildFile; fileRef = 19C72CDE29545EB5009662FF /* HealthKitDataStore.swift */; };
		19F870802938F18000500178 /* ChartsView.swift in Sources */ = {isa = PBXBuildFile; fileRef = 19F8707F2938F18000500178 /* ChartsView.swift */; };
		19F87C742940C59E00816561 /* WaterTypesList.plist in Resources */ = {isa = PBXBuildFile; fileRef = 19F87C732940C59E00816561 /* WaterTypesList.plist */; };
		19F87C762940D8B600816561 /* testView.swift in Sources */ = {isa = PBXBuildFile; fileRef = 19F87C752940D8B600816561 /* testView.swift */; };
		19FB055D29493FB90085709A /* GeneralExtensions.swift in Sources */ = {isa = PBXBuildFile; fileRef = 19FB055C29493FB90085709A /* GeneralExtensions.swift */; };
/* End PBXBuildFile section */

/* Begin PBXContainerItemProxy section */
		19579597295C2CB9005E7BA4 /* PBXContainerItemProxy */ = {
			isa = PBXContainerItemProxy;
			containerPortal = 1969C9CC29375A070032AED5 /* Project object */;
			proxyType = 1;
			remoteGlobalIDString = 19579583295C2CB4005E7BA4;
			remoteInfo = watterAppWidgetExtension;
		};
/* End PBXContainerItemProxy section */

/* Begin PBXCopyFilesBuildPhase section */
		1957959A295C2CB9005E7BA4 /* Embed Foundation Extensions */ = {
			isa = PBXCopyFilesBuildPhase;
			buildActionMask = 2147483647;
			dstPath = "";
			dstSubfolderSpec = 13;
			files = (
				19579599295C2CB9005E7BA4 /* watterAppWidgetExtension.appex in Embed Foundation Extensions */,
			);
			name = "Embed Foundation Extensions";
			runOnlyForDeploymentPostprocessing = 0;
		};
/* End PBXCopyFilesBuildPhase section */

/* Begin PBXFileReference section */
		190516C42962CB19004E3A1E /* DrinkType.swift */ = {isa = PBXFileReference; lastKnownFileType = sourcecode.swift; path = DrinkType.swift; sourceTree = "<group>"; };
		190745EB293F30DC00C6B5BF /* Pie.swift */ = {isa = PBXFileReference; lastKnownFileType = sourcecode.swift; path = Pie.swift; sourceTree = "<group>"; };
		1909FA8A295C3F4100D73F9E /* watterAppWidgetExtension.entitlements */ = {isa = PBXFileReference; lastKnownFileType = text.plist.entitlements; path = watterAppWidgetExtension.entitlements; sourceTree = "<group>"; };
		1909FA8E295C936000D73F9E /* Provider.swift */ = {isa = PBXFileReference; lastKnownFileType = sourcecode.swift; path = Provider.swift; sourceTree = "<group>"; };
		1909FA90295C955000D73F9E /* WatterAppWidgetView.swift */ = {isa = PBXFileReference; lastKnownFileType = sourcecode.swift; path = WatterAppWidgetView.swift; sourceTree = "<group>"; };
		1909FA92295D7C0500D73F9E /* WaterEntry.swift */ = {isa = PBXFileReference; lastKnownFileType = sourcecode.swift; path = WaterEntry.swift; sourceTree = "<group>"; };
		1909FA98295D803E00D73F9E /* Constants.swift */ = {isa = PBXFileReference; lastKnownFileType = sourcecode.swift; path = Constants.swift; sourceTree = "<group>"; };
		1909FA9C295DB24A00D73F9E /* WatterAppWidgetMediumView.swift */ = {isa = PBXFileReference; lastKnownFileType = sourcecode.swift; path = WatterAppWidgetMediumView.swift; sourceTree = "<group>"; };
		1909FA9E295DB33900D73F9E /* WatterAppWidgetSmallView.swift */ = {isa = PBXFileReference; lastKnownFileType = sourcecode.swift; path = WatterAppWidgetSmallView.swift; sourceTree = "<group>"; };
		1909FAA2295DD53600D73F9E /* SpeedometerGaugeStyle.swift */ = {isa = PBXFileReference; lastKnownFileType = sourcecode.swift; path = SpeedometerGaugeStyle.swift; sourceTree = "<group>"; };
		190A72A02941FF41009E79C7 /* PieDateUnit.swift */ = {isa = PBXFileReference; lastKnownFileType = sourcecode.swift; path = PieDateUnit.swift; sourceTree = "<group>"; };
		190A72A22941FF6C009E79C7 /* PieDateVM.swift */ = {isa = PBXFileReference; lastKnownFileType = sourcecode.swift; path = PieDateVM.swift; sourceTree = "<group>"; };
		190A72A42941FFB9009E79C7 /* PieSliceView.swift */ = {isa = PBXFileReference; lastKnownFileType = sourcecode.swift; path = PieSliceView.swift; sourceTree = "<group>"; };
		190A72A629421998009E79C7 /* UserPrivateinfo.swift */ = {isa = PBXFileReference; lastKnownFileType = sourcecode.swift; path = UserPrivateinfo.swift; sourceTree = "<group>"; };
		191BB21A2937FDC200F99A26 /* DateExtension.swift */ = {isa = PBXFileReference; fileEncoding = 4; lastKnownFileType = sourcecode.swift; path = DateExtension.swift; sourceTree = "<group>"; };
		191BB21C293805EA00F99A26 /* SettingsView.swift */ = {isa = PBXFileReference; lastKnownFileType = sourcecode.swift; path = SettingsView.swift; sourceTree = "<group>"; };
		191BB21E2938063000F99A26 /* CustomButton.swift */ = {isa = PBXFileReference; fileEncoding = 4; lastKnownFileType = sourcecode.swift; path = CustomButton.swift; sourceTree = "<group>"; };
		191BB220293806A300F99A26 /* CustomButtonStyle.swift */ = {isa = PBXFileReference; fileEncoding = 4; lastKnownFileType = sourcecode.swift; path = CustomButtonStyle.swift; sourceTree = "<group>"; };
		19277CEB29463119006BFE64 /* NotificationCenterManager.swift */ = {isa = PBXFileReference; lastKnownFileType = sourcecode.swift; path = NotificationCenterManager.swift; sourceTree = "<group>"; };
		1937D46F293761490041FFCF /* MainView.swift */ = {isa = PBXFileReference; lastKnownFileType = sourcecode.swift; path = MainView.swift; sourceTree = "<group>"; };
		1937D471293773400041FFCF /* Home.swift */ = {isa = PBXFileReference; lastKnownFileType = sourcecode.swift; path = Home.swift; sourceTree = "<group>"; };
		1938E92829587813003F8390 /* AwardListView.swift */ = {isa = PBXFileReference; lastKnownFileType = sourcecode.swift; path = AwardListView.swift; sourceTree = "<group>"; };
		1938E92A29587F3E003F8390 /* AwardListViewVM.swift */ = {isa = PBXFileReference; lastKnownFileType = sourcecode.swift; path = AwardListViewVM.swift; sourceTree = "<group>"; };
		193BB085293D315F00AB5840 /* DropDown.swift */ = {isa = PBXFileReference; lastKnownFileType = sourcecode.swift; path = DropDown.swift; sourceTree = "<group>"; };
		193BB087293D33BF00AB5840 /* HomeVM.swift */ = {isa = PBXFileReference; lastKnownFileType = sourcecode.swift; path = HomeVM.swift; sourceTree = "<group>"; };
		193BB089293D42A000AB5840 /* SettingsReminderView.swift */ = {isa = PBXFileReference; lastKnownFileType = sourcecode.swift; path = SettingsReminderView.swift; sourceTree = "<group>"; };
		193BB08B293DF25B00AB5840 /* SettingsVM.swift */ = {isa = PBXFileReference; lastKnownFileType = sourcecode.swift; path = SettingsVM.swift; sourceTree = "<group>"; };
		193BB08E293DF39000AB5840 /* BackgroundGroupCaption.swift */ = {isa = PBXFileReference; lastKnownFileType = sourcecode.swift; path = BackgroundGroupCaption.swift; sourceTree = "<group>"; };
		193BB090293DF3EB00AB5840 /* CustomNumberFiled.swift */ = {isa = PBXFileReference; lastKnownFileType = sourcecode.swift; path = CustomNumberFiled.swift; sourceTree = "<group>"; };
		193BB092293DF3FF00AB5840 /* CustomTextStringFiled.swift */ = {isa = PBXFileReference; fileEncoding = 4; lastKnownFileType = sourcecode.swift; path = CustomTextStringFiled.swift; sourceTree = "<group>"; };
		193BB093293DF3FF00AB5840 /* CustomTextTapView.swift */ = {isa = PBXFileReference; fileEncoding = 4; lastKnownFileType = sourcecode.swift; path = CustomTextTapView.swift; sourceTree = "<group>"; };
		193BB096293DF45400AB5840 /* AddWaterButton.swift */ = {isa = PBXFileReference; lastKnownFileType = sourcecode.swift; path = AddWaterButton.swift; sourceTree = "<group>"; };
		19496799295997B90014BA4F /* GenericPopupView.swift */ = {isa = PBXFileReference; lastKnownFileType = sourcecode.swift; path = GenericPopupView.swift; sourceTree = "<group>"; };
		1949679B2959A36D0014BA4F /* ViewExtensions.swift */ = {isa = PBXFileReference; lastKnownFileType = sourcecode.swift; path = ViewExtensions.swift; sourceTree = "<group>"; };
		1949679D2959A8630014BA4F /* BackgroundPopupCaption.swift */ = {isa = PBXFileReference; lastKnownFileType = sourcecode.swift; path = BackgroundPopupCaption.swift; sourceTree = "<group>"; };
		1957957E295B1C1B005E7BA4 /* AwardWinView.swift */ = {isa = PBXFileReference; lastKnownFileType = sourcecode.swift; path = AwardWinView.swift; sourceTree = "<group>"; };
		19579584295C2CB4005E7BA4 /* watterAppWidgetExtension.appex */ = {isa = PBXFileReference; explicitFileType = "wrapper.app-extension"; includeInIndex = 0; path = watterAppWidgetExtension.appex; sourceTree = BUILT_PRODUCTS_DIR; };
		19579586295C2CB4005E7BA4 /* WidgetKit.framework */ = {isa = PBXFileReference; lastKnownFileType = wrapper.framework; name = WidgetKit.framework; path = System/Library/Frameworks/WidgetKit.framework; sourceTree = SDKROOT; };
		19579588295C2CB4005E7BA4 /* SwiftUI.framework */ = {isa = PBXFileReference; lastKnownFileType = wrapper.framework; name = SwiftUI.framework; path = System/Library/Frameworks/SwiftUI.framework; sourceTree = SDKROOT; };
		1957958B295C2CB4005E7BA4 /* watterAppWidgetBundle.swift */ = {isa = PBXFileReference; lastKnownFileType = sourcecode.swift; path = watterAppWidgetBundle.swift; sourceTree = "<group>"; };
		1957958D295C2CB4005E7BA4 /* watterAppWidgetLiveActivity.swift */ = {isa = PBXFileReference; lastKnownFileType = sourcecode.swift; path = watterAppWidgetLiveActivity.swift; sourceTree = "<group>"; };
		1957958F295C2CB4005E7BA4 /* watterAppWidget.swift */ = {isa = PBXFileReference; lastKnownFileType = sourcecode.swift; path = watterAppWidget.swift; sourceTree = "<group>"; };
		19579591295C2CB4005E7BA4 /* watterAppWidget.intentdefinition */ = {isa = PBXFileReference; lastKnownFileType = file.intentdefinition; path = watterAppWidget.intentdefinition; sourceTree = "<group>"; };
		19579592295C2CB9005E7BA4 /* Assets.xcassets */ = {isa = PBXFileReference; lastKnownFileType = folder.assetcatalog; path = Assets.xcassets; sourceTree = "<group>"; };
		19579594295C2CB9005E7BA4 /* Info.plist */ = {isa = PBXFileReference; lastKnownFileType = text.plist.xml; path = Info.plist; sourceTree = "<group>"; };
		1959016529407BEE008AE6D5 /* WaterTypesListManager.swift */ = {isa = PBXFileReference; lastKnownFileType = sourcecode.swift; path = WaterTypesListManager.swift; sourceTree = "<group>"; };
		1961097E2938B3CF00D505B2 /* Day+CoreDataClass.swift */ = {isa = PBXFileReference; lastKnownFileType = sourcecode.swift; path = "Day+CoreDataClass.swift"; sourceTree = "<group>"; };
		1961097F2938B3CF00D505B2 /* Day+CoreDataProperties.swift */ = {isa = PBXFileReference; lastKnownFileType = sourcecode.swift; path = "Day+CoreDataProperties.swift"; sourceTree = "<group>"; };
		196109802938B3CF00D505B2 /* Drink+CoreDataClass.swift */ = {isa = PBXFileReference; lastKnownFileType = sourcecode.swift; path = "Drink+CoreDataClass.swift"; sourceTree = "<group>"; };
		196109812938B3CF00D505B2 /* Drink+CoreDataProperties.swift */ = {isa = PBXFileReference; lastKnownFileType = sourcecode.swift; path = "Drink+CoreDataProperties.swift"; sourceTree = "<group>"; };
		196109932938B9EB00D505B2 /* StatisticsView.swift */ = {isa = PBXFileReference; lastKnownFileType = sourcecode.swift; path = StatisticsView.swift; sourceTree = "<group>"; };
		1965CF9A29618E250049BAC6 /* WaterTypesListView.swift */ = {isa = PBXFileReference; lastKnownFileType = sourcecode.swift; path = WaterTypesListView.swift; sourceTree = "<group>"; };
		1969C9D429375A070032AED5 /* WatterApp.app */ = {isa = PBXFileReference; explicitFileType = wrapper.application; includeInIndex = 0; path = WatterApp.app; sourceTree = BUILT_PRODUCTS_DIR; };
		1969C9D729375A070032AED5 /* WatterAppApp.swift */ = {isa = PBXFileReference; lastKnownFileType = sourcecode.swift; path = WatterAppApp.swift; sourceTree = "<group>"; };
		1969C9D929375A070032AED5 /* Persistence.swift */ = {isa = PBXFileReference; lastKnownFileType = sourcecode.swift; path = Persistence.swift; sourceTree = "<group>"; };
		1969C9DC29375A070032AED5 /* WatterApp.xcdatamodel */ = {isa = PBXFileReference; lastKnownFileType = wrapper.xcdatamodel; path = WatterApp.xcdatamodel; sourceTree = "<group>"; };
		1969C9DE29375A070032AED5 /* ContentView.swift */ = {isa = PBXFileReference; lastKnownFileType = sourcecode.swift; path = ContentView.swift; sourceTree = "<group>"; };
		1969C9E029375A090032AED5 /* Assets.xcassets */ = {isa = PBXFileReference; lastKnownFileType = folder.assetcatalog; path = Assets.xcassets; sourceTree = "<group>"; };
		1969C9E229375A090032AED5 /* WatterApp.entitlements */ = {isa = PBXFileReference; lastKnownFileType = text.plist.entitlements; path = WatterApp.entitlements; sourceTree = "<group>"; };
		1969C9E429375A090032AED5 /* Preview Assets.xcassets */ = {isa = PBXFileReference; lastKnownFileType = folder.assetcatalog; path = "Preview Assets.xcassets"; sourceTree = "<group>"; };
		196F6D45295A4751009D444F /* AwardItem.swift */ = {isa = PBXFileReference; lastKnownFileType = sourcecode.swift; path = AwardItem.swift; sourceTree = "<group>"; };
		19726A7F29466496001A9A21 /* water3.png */ = {isa = PBXFileReference; lastKnownFileType = image.png; path = water3.png; sourceTree = "<group>"; };
		19726A8129474E63001A9A21 /* AppDelegate.swift */ = {isa = PBXFileReference; lastKnownFileType = sourcecode.swift; path = AppDelegate.swift; sourceTree = "<group>"; };
		197A4543293C0010008B33DA /* StatisticsDetailsView.swift */ = {isa = PBXFileReference; lastKnownFileType = sourcecode.swift; path = StatisticsDetailsView.swift; sourceTree = "<group>"; };
		197A4545293C0098008B33DA /* DrinkItem.swift */ = {isa = PBXFileReference; lastKnownFileType = sourcecode.swift; path = DrinkItem.swift; sourceTree = "<group>"; };
		197A4547293C00B3008B33DA /* DayItem.swift */ = {isa = PBXFileReference; lastKnownFileType = sourcecode.swift; path = DayItem.swift; sourceTree = "<group>"; };
		197A454A293C0B7D008B33DA /* WaveShape.swift */ = {isa = PBXFileReference; lastKnownFileType = sourcecode.swift; path = WaveShape.swift; sourceTree = "<group>"; };
		197A454C293C0B9F008B33DA /* ContinueRing.swift */ = {isa = PBXFileReference; lastKnownFileType = sourcecode.swift; path = ContinueRing.swift; sourceTree = "<group>"; };
		19C72CCE2954526E009662FF /* MapManager.swift */ = {isa = PBXFileReference; lastKnownFileType = sourcecode.swift; path = MapManager.swift; sourceTree = "<group>"; };
		19C72CD029545299009662FF /* NewWorkoutManager.swift */ = {isa = PBXFileReference; lastKnownFileType = sourcecode.swift; path = NewWorkoutManager.swift; sourceTree = "<group>"; };
		19C72CD2295452DA009662FF /* Info.plist */ = {isa = PBXFileReference; lastKnownFileType = text.plist; path = Info.plist; sourceTree = "<group>"; };
		19C72CD4295455A3009662FF /* MapView.swift */ = {isa = PBXFileReference; lastKnownFileType = sourcecode.swift; path = MapView.swift; sourceTree = "<group>"; };
		19C72CD629545605009662FF /* Workout.swift */ = {isa = PBXFileReference; lastKnownFileType = sourcecode.swift; path = Workout.swift; sourceTree = "<group>"; };
		19C72CD8295456A3009662FF /* WorkoutView.swift */ = {isa = PBXFileReference; lastKnownFileType = sourcecode.swift; path = WorkoutView.swift; sourceTree = "<group>"; };
		19C72CDA2954597A009662FF /* NewWorkoutInfoBarView.swift */ = {isa = PBXFileReference; lastKnownFileType = sourcecode.swift; path = NewWorkoutInfoBarView.swift; sourceTree = "<group>"; };
		19C72CDC29545AFD009662FF /* WorkoutInfoBarView.swift */ = {isa = PBXFileReference; lastKnownFileType = sourcecode.swift; path = WorkoutInfoBarView.swift; sourceTree = "<group>"; };
		19C72CDE29545EB5009662FF /* HealthKitDataStore.swift */ = {isa = PBXFileReference; lastKnownFileType = sourcecode.swift; path = HealthKitDataStore.swift; sourceTree = "<group>"; };
		19F8707F2938F18000500178 /* ChartsView.swift */ = {isa = PBXFileReference; lastKnownFileType = sourcecode.swift; path = ChartsView.swift; sourceTree = "<group>"; };
		19F87C732940C59E00816561 /* WaterTypesList.plist */ = {isa = PBXFileReference; fileEncoding = 4; lastKnownFileType = text.plist.xml; path = WaterTypesList.plist; sourceTree = "<group>"; };
		19F87C752940D8B600816561 /* testView.swift */ = {isa = PBXFileReference; lastKnownFileType = sourcecode.swift; path = testView.swift; sourceTree = "<group>"; };
		19FB055C29493FB90085709A /* GeneralExtensions.swift */ = {isa = PBXFileReference; lastKnownFileType = sourcecode.swift; path = GeneralExtensions.swift; sourceTree = "<group>"; };
/* End PBXFileReference section */

/* Begin PBXFrameworksBuildPhase section */
		19579581295C2CB4005E7BA4 /* Frameworks */ = {
			isa = PBXFrameworksBuildPhase;
			buildActionMask = 2147483647;
			files = (
				19579589295C2CB4005E7BA4 /* SwiftUI.framework in Frameworks */,
				19579587295C2CB4005E7BA4 /* WidgetKit.framework in Frameworks */,
			);
			runOnlyForDeploymentPostprocessing = 0;
		};
		1969C9D129375A070032AED5 /* Frameworks */ = {
			isa = PBXFrameworksBuildPhase;
			buildActionMask = 2147483647;
			files = (
			);
			runOnlyForDeploymentPostprocessing = 0;
		};
/* End PBXFrameworksBuildPhase section */

/* Begin PBXGroup section */
		190A729F2941FF04009E79C7 /* PieClasses */ = {
			isa = PBXGroup;
			children = (
				190745EB293F30DC00C6B5BF /* Pie.swift */,
				190A72A02941FF41009E79C7 /* PieDateUnit.swift */,
				190A72A22941FF6C009E79C7 /* PieDateVM.swift */,
				190A72A42941FFB9009E79C7 /* PieSliceView.swift */,
			);
			path = PieClasses;
			sourceTree = "<group>";
		};
		193BB084293D312700AB5840 /* CusomeViews */ = {
			isa = PBXGroup;
			children = (
				190A729F2941FF04009E79C7 /* PieClasses */,
				193BB085293D315F00AB5840 /* DropDown.swift */,
				193BB090293DF3EB00AB5840 /* CustomNumberFiled.swift */,
				193BB092293DF3FF00AB5840 /* CustomTextStringFiled.swift */,
				193BB093293DF3FF00AB5840 /* CustomTextTapView.swift */,
				193BB096293DF45400AB5840 /* AddWaterButton.swift */,
				191BB21E2938063000F99A26 /* CustomButton.swift */,
				191BB220293806A300F99A26 /* CustomButtonStyle.swift */,
				19496799295997B90014BA4F /* GenericPopupView.swift */,
				1909FAA2295DD53600D73F9E /* SpeedometerGaugeStyle.swift */,
			);
			path = CusomeViews;
			sourceTree = "<group>";
		};
		193BB08D293DF36A00AB5840 /* ViewModifiers */ = {
			isa = PBXGroup;
			children = (
				193BB08E293DF39000AB5840 /* BackgroundGroupCaption.swift */,
				1949679D2959A8630014BA4F /* BackgroundPopupCaption.swift */,
			);
			path = ViewModifiers;
			sourceTree = "<group>";
		};
		19579585295C2CB4005E7BA4 /* Frameworks */ = {
			isa = PBXGroup;
			children = (
				19579586295C2CB4005E7BA4 /* WidgetKit.framework */,
				19579588295C2CB4005E7BA4 /* SwiftUI.framework */,
			);
			name = Frameworks;
			sourceTree = "<group>";
		};
		1957958A295C2CB4005E7BA4 /* watterAppWidget */ = {
			isa = PBXGroup;
			children = (
				1957958F295C2CB4005E7BA4 /* watterAppWidget.swift */,
				1909FA92295D7C0500D73F9E /* WaterEntry.swift */,
				1909FA8E295C936000D73F9E /* Provider.swift */,
				1909FA90295C955000D73F9E /* WatterAppWidgetView.swift */,
				1909FA9E295DB33900D73F9E /* WatterAppWidgetSmallView.swift */,
				1909FA9C295DB24A00D73F9E /* WatterAppWidgetMediumView.swift */,
				1957958B295C2CB4005E7BA4 /* watterAppWidgetBundle.swift */,
				1957958D295C2CB4005E7BA4 /* watterAppWidgetLiveActivity.swift */,
				19579591295C2CB4005E7BA4 /* watterAppWidget.intentdefinition */,
				19579592295C2CB9005E7BA4 /* Assets.xcassets */,
				19579594295C2CB9005E7BA4 /* Info.plist */,
			);
			path = watterAppWidget;
			sourceTree = "<group>";
		};
		1961098E2938B5DE00D505B2 /* Modle */ = {
			isa = PBXGroup;
			children = (
				1969C9DB29375A070032AED5 /* WatterApp.xcdatamodeld */,
				1961098F2938B5E900D505B2 /* DBfiles */,
				197A4545293C0098008B33DA /* DrinkItem.swift */,
				197A4547293C00B3008B33DA /* DayItem.swift */,
				190A72A629421998009E79C7 /* UserPrivateinfo.swift */,
				19C72CD629545605009662FF /* Workout.swift */,
				196F6D45295A4751009D444F /* AwardItem.swift */,
				190516C42962CB19004E3A1E /* DrinkType.swift */,
			);
			path = Modle;
			sourceTree = "<group>";
		};
		1961098F2938B5E900D505B2 /* DBfiles */ = {
			isa = PBXGroup;
			children = (
				1961097E2938B3CF00D505B2 /* Day+CoreDataClass.swift */,
				1961097F2938B3CF00D505B2 /* Day+CoreDataProperties.swift */,
				196109802938B3CF00D505B2 /* Drink+CoreDataClass.swift */,
				196109812938B3CF00D505B2 /* Drink+CoreDataProperties.swift */,
			);
			path = DBfiles;
			sourceTree = "<group>";
		};
		196109902938B60200D505B2 /* View */ = {
			isa = PBXGroup;
			children = (
				19C72CD329545597009662FF /* Map */,
				193BB08D293DF36A00AB5840 /* ViewModifiers */,
				193BB084293D312700AB5840 /* CusomeViews */,
				197A4549293C0B61008B33DA /* Shapes */,
				1937D46F293761490041FFCF /* MainView.swift */,
				1957957E295B1C1B005E7BA4 /* AwardWinView.swift */,
				1937D471293773400041FFCF /* Home.swift */,
				196109932938B9EB00D505B2 /* StatisticsView.swift */,
				19F8707F2938F18000500178 /* ChartsView.swift */,
				197A4543293C0010008B33DA /* StatisticsDetailsView.swift */,
				191BB21C293805EA00F99A26 /* SettingsView.swift */,
				193BB089293D42A000AB5840 /* SettingsReminderView.swift */,
				19F87C752940D8B600816561 /* testView.swift */,
				1938E92829587813003F8390 /* AwardListView.swift */,
				1965CF9A29618E250049BAC6 /* WaterTypesListView.swift */,
			);
			path = View;
			sourceTree = "<group>";
		};
		196109912938B61100D505B2 /* ViewModle */ = {
			isa = PBXGroup;
			children = (
				193BB087293D33BF00AB5840 /* HomeVM.swift */,
				193BB08B293DF25B00AB5840 /* SettingsVM.swift */,
				1938E92A29587F3E003F8390 /* AwardListViewVM.swift */,
			);
			path = ViewModle;
			sourceTree = "<group>";
		};
		196109922938B63300D505B2 /* Managers */ = {
			isa = PBXGroup;
			children = (
				1969C9D929375A070032AED5 /* Persistence.swift */,
				1959016529407BEE008AE6D5 /* WaterTypesListManager.swift */,
				19277CEB29463119006BFE64 /* NotificationCenterManager.swift */,
				19C72CCE2954526E009662FF /* MapManager.swift */,
				19C72CD029545299009662FF /* NewWorkoutManager.swift */,
				19C72CDE29545EB5009662FF /* HealthKitDataStore.swift */,
			);
			path = Managers;
			sourceTree = "<group>";
		};
		1969C9CB29375A070032AED5 = {
			isa = PBXGroup;
			children = (
				1909FA8A295C3F4100D73F9E /* watterAppWidgetExtension.entitlements */,
				1969C9D629375A070032AED5 /* WatterApp */,
				1957958A295C2CB4005E7BA4 /* watterAppWidget */,
				19579585295C2CB4005E7BA4 /* Frameworks */,
				1969C9D529375A070032AED5 /* Products */,
			);
			sourceTree = "<group>";
		};
		1969C9D529375A070032AED5 /* Products */ = {
			isa = PBXGroup;
			children = (
				1969C9D429375A070032AED5 /* WatterApp.app */,
				19579584295C2CB4005E7BA4 /* watterAppWidgetExtension.appex */,
			);
			name = Products;
			sourceTree = "<group>";
		};
		1969C9D629375A070032AED5 /* WatterApp */ = {
			isa = PBXGroup;
			children = (
				19C72CD2295452DA009662FF /* Info.plist */,
				197A4542293BD815008B33DA /* Extensions */,
				196109922938B63300D505B2 /* Managers */,
				196109912938B61100D505B2 /* ViewModle */,
				196109902938B60200D505B2 /* View */,
				1961098E2938B5DE00D505B2 /* Modle */,
				1969C9D729375A070032AED5 /* WatterAppApp.swift */,
				19726A8129474E63001A9A21 /* AppDelegate.swift */,
				1969C9DE29375A070032AED5 /* ContentView.swift */,
				1909FA98295D803E00D73F9E /* Constants.swift */,
				1969C9E029375A090032AED5 /* Assets.xcassets */,
				19726A7F29466496001A9A21 /* water3.png */,
				1969C9E229375A090032AED5 /* WatterApp.entitlements */,
				19F87C732940C59E00816561 /* WaterTypesList.plist */,
				1969C9E329375A090032AED5 /* Preview Content */,
			);
			path = WatterApp;
			sourceTree = "<group>";
		};
		1969C9E329375A090032AED5 /* Preview Content */ = {
			isa = PBXGroup;
			children = (
				1969C9E429375A090032AED5 /* Preview Assets.xcassets */,
			);
			path = "Preview Content";
			sourceTree = "<group>";
		};
		197A4542293BD815008B33DA /* Extensions */ = {
			isa = PBXGroup;
			children = (
				191BB21A2937FDC200F99A26 /* DateExtension.swift */,
				19FB055C29493FB90085709A /* GeneralExtensions.swift */,
				1949679B2959A36D0014BA4F /* ViewExtensions.swift */,
			);
			path = Extensions;
			sourceTree = "<group>";
		};
		197A4549293C0B61008B33DA /* Shapes */ = {
			isa = PBXGroup;
			children = (
				197A454A293C0B7D008B33DA /* WaveShape.swift */,
				197A454C293C0B9F008B33DA /* ContinueRing.swift */,
			);
			path = Shapes;
			sourceTree = "<group>";
		};
		19C72CD329545597009662FF /* Map */ = {
			isa = PBXGroup;
			children = (
				19C72CD8295456A3009662FF /* WorkoutView.swift */,
				19C72CD4295455A3009662FF /* MapView.swift */,
				19C72CDC29545AFD009662FF /* WorkoutInfoBarView.swift */,
				19C72CDA2954597A009662FF /* NewWorkoutInfoBarView.swift */,
			);
			path = Map;
			sourceTree = "<group>";
		};
/* End PBXGroup section */

/* Begin PBXNativeTarget section */
		19579583295C2CB4005E7BA4 /* watterAppWidgetExtension */ = {
			isa = PBXNativeTarget;
			buildConfigurationList = 1957959D295C2CB9005E7BA4 /* Build configuration list for PBXNativeTarget "watterAppWidgetExtension" */;
			buildPhases = (
				19579580295C2CB4005E7BA4 /* Sources */,
				19579581295C2CB4005E7BA4 /* Frameworks */,
				19579582295C2CB4005E7BA4 /* Resources */,
			);
			buildRules = (
			);
			dependencies = (
			);
			name = watterAppWidgetExtension;
			productName = watterAppWidgetExtension;
			productReference = 19579584295C2CB4005E7BA4 /* watterAppWidgetExtension.appex */;
			productType = "com.apple.product-type.app-extension";
		};
		1969C9D329375A070032AED5 /* WatterApp */ = {
			isa = PBXNativeTarget;
			buildConfigurationList = 1969C9E829375A090032AED5 /* Build configuration list for PBXNativeTarget "WatterApp" */;
			buildPhases = (
				1969C9D029375A070032AED5 /* Sources */,
				1969C9D129375A070032AED5 /* Frameworks */,
				1969C9D229375A070032AED5 /* Resources */,
				1957959A295C2CB9005E7BA4 /* Embed Foundation Extensions */,
			);
			buildRules = (
			);
			dependencies = (
				19579598295C2CB9005E7BA4 /* PBXTargetDependency */,
			);
			name = WatterApp;
			productName = WatterApp;
			productReference = 1969C9D429375A070032AED5 /* WatterApp.app */;
			productType = "com.apple.product-type.application";
		};
/* End PBXNativeTarget section */

/* Begin PBXProject section */
		1969C9CC29375A070032AED5 /* Project object */ = {
			isa = PBXProject;
			attributes = {
				BuildIndependentTargetsInParallel = 1;
				LastSwiftUpdateCheck = 1410;
				LastUpgradeCheck = 1410;
				TargetAttributes = {
					19579583295C2CB4005E7BA4 = {
						CreatedOnToolsVersion = 14.1;
					};
					1969C9D329375A070032AED5 = {
						CreatedOnToolsVersion = 14.1;
					};
				};
			};
			buildConfigurationList = 1969C9CF29375A070032AED5 /* Build configuration list for PBXProject "WatterApp" */;
			compatibilityVersion = "Xcode 14.0";
			developmentRegion = en;
			hasScannedForEncodings = 0;
			knownRegions = (
				en,
				Base,
			);
			mainGroup = 1969C9CB29375A070032AED5;
			productRefGroup = 1969C9D529375A070032AED5 /* Products */;
			projectDirPath = "";
			projectRoot = "";
			targets = (
				1969C9D329375A070032AED5 /* WatterApp */,
				19579583295C2CB4005E7BA4 /* watterAppWidgetExtension */,
			);
		};
/* End PBXProject section */

/* Begin PBXResourcesBuildPhase section */
		19579582295C2CB4005E7BA4 /* Resources */ = {
			isa = PBXResourcesBuildPhase;
			buildActionMask = 2147483647;
			files = (
				1909FAA0295DB5CA00D73F9E /* WaterTypesList.plist in Resources */,
				19579593295C2CB9005E7BA4 /* Assets.xcassets in Resources */,
			);
			runOnlyForDeploymentPostprocessing = 0;
		};
		1969C9D229375A070032AED5 /* Resources */ = {
			isa = PBXResourcesBuildPhase;
			buildActionMask = 2147483647;
			files = (
				1969C9E529375A090032AED5 /* Preview Assets.xcassets in Resources */,
				1969C9E129375A090032AED5 /* Assets.xcassets in Resources */,
				19F87C742940C59E00816561 /* WaterTypesList.plist in Resources */,
				19726A8029466496001A9A21 /* water3.png in Resources */,
			);
			runOnlyForDeploymentPostprocessing = 0;
		};
/* End PBXResourcesBuildPhase section */

/* Begin PBXSourcesBuildPhase section */
		19579580295C2CB4005E7BA4 /* Sources */ = {
			isa = PBXSourcesBuildPhase;
			buildActionMask = 2147483647;
			files = (
				1909FA96295D7C1E00D73F9E /* WaterEntry.swift in Sources */,
				1909FA91295C955000D73F9E /* WatterAppWidgetView.swift in Sources */,
				1909FA97295D7FF500D73F9E /* WaveShape.swift in Sources */,
				1909FA86295C300900D73F9E /* UserPrivateinfo.swift in Sources */,
				190516C62962CB19004E3A1E /* DrinkType.swift in Sources */,
				1909FA88295C300900D73F9E /* DayItem.swift in Sources */,
				1909FA8F295C936000D73F9E /* Provider.swift in Sources */,
				1909FAA1295DB61D00D73F9E /* AddWaterButton.swift in Sources */,
				1909FA89295C300E00D73F9E /* AwardItem.swift in Sources */,
				1957958C295C2CB4005E7BA4 /* watterAppWidgetBundle.swift in Sources */,
				1909FA85295C300100D73F9E /* WatterApp.xcdatamodeld in Sources */,
				1909FA81295C2FCA00D73F9E /* DateExtension.swift in Sources */,
				1909FAA4295DD54100D73F9E /* SpeedometerGaugeStyle.swift in Sources */,
				1957958E295C2CB4005E7BA4 /* watterAppWidgetLiveActivity.swift in Sources */,
				1909FA83295C2FDD00D73F9E /* Persistence.swift in Sources */,
				19579595295C2CB9005E7BA4 /* watterAppWidget.intentdefinition in Sources */,
				1909FA9F295DB33900D73F9E /* WatterAppWidgetSmallView.swift in Sources */,
				1909FA87295C300900D73F9E /* DrinkItem.swift in Sources */,
				1909FA84295C2FE500D73F9E /* WaterTypesListManager.swift in Sources */,
				1909FA82295C2FD300D73F9E /* GeneralExtensions.swift in Sources */,
				19579590295C2CB4005E7BA4 /* watterAppWidget.swift in Sources */,
				1909FA9A295D804E00D73F9E /* Constants.swift in Sources */,
				1909FA9D295DB24A00D73F9E /* WatterAppWidgetMediumView.swift in Sources */,
			);
			runOnlyForDeploymentPostprocessing = 0;
		};
		1969C9D029375A070032AED5 /* Sources */ = {
			isa = PBXSourcesBuildPhase;
			buildActionMask = 2147483647;
			files = (
				191BB21D293805EA00F99A26 /* SettingsView.swift in Sources */,
				196109942938B9EB00D505B2 /* StatisticsView.swift in Sources */,
				193BB091293DF3EB00AB5840 /* CustomNumberFiled.swift in Sources */,
				19C72CD729545605009662FF /* Workout.swift in Sources */,
				190516C52962CB19004E3A1E /* DrinkType.swift in Sources */,
				19277CEC29463119006BFE64 /* NotificationCenterManager.swift in Sources */,
				19C72CD5295455A3009662FF /* MapView.swift in Sources */,
				197A4544293C0010008B33DA /* StatisticsDetailsView.swift in Sources */,
				193BB08A293D42A100AB5840 /* SettingsReminderView.swift in Sources */,
				19F87C762940D8B600816561 /* testView.swift in Sources */,
				197A4546293C0098008B33DA /* DrinkItem.swift in Sources */,
				1949679C2959A36D0014BA4F /* ViewExtensions.swift in Sources */,
				1969C9D829375A070032AED5 /* WatterAppApp.swift in Sources */,
				190A72A32941FF6C009E79C7 /* PieDateVM.swift in Sources */,
				191BB221293806A300F99A26 /* CustomButtonStyle.swift in Sources */,
				19C72CDD29545AFD009662FF /* WorkoutInfoBarView.swift in Sources */,
				191BB21F2938063000F99A26 /* CustomButton.swift in Sources */,
				1938E92B29587F3E003F8390 /* AwardListViewVM.swift in Sources */,
				191BB21B2937FDC200F99A26 /* DateExtension.swift in Sources */,
				1957957F295B1C1B005E7BA4 /* AwardWinView.swift in Sources */,
				1909FAA3295DD53600D73F9E /* SpeedometerGaugeStyle.swift in Sources */,
				19C72CDF29545EB5009662FF /* HealthKitDataStore.swift in Sources */,
				19C72CD9295456A3009662FF /* WorkoutView.swift in Sources */,
				1969C9DD29375A070032AED5 /* WatterApp.xcdatamodeld in Sources */,
				1969C9DF29375A070032AED5 /* ContentView.swift in Sources */,
				1959016629407BEE008AE6D5 /* WaterTypesListManager.swift in Sources */,
				19C72CCF2954526E009662FF /* MapManager.swift in Sources */,
				1949679E2959A8630014BA4F /* BackgroundPopupCaption.swift in Sources */,
				190A72A12941FF41009E79C7 /* PieDateUnit.swift in Sources */,
				193BB094293DF3FF00AB5840 /* CustomTextStringFiled.swift in Sources */,
				19726A8229474E63001A9A21 /* AppDelegate.swift in Sources */,
				1937D470293761490041FFCF /* MainView.swift in Sources */,
				193BB08F293DF39000AB5840 /* BackgroundGroupCaption.swift in Sources */,
				193BB088293D33BF00AB5840 /* HomeVM.swift in Sources */,
				190A72A729421998009E79C7 /* UserPrivateinfo.swift in Sources */,
				1937D472293773400041FFCF /* Home.swift in Sources */,
				19579596295C2CB9005E7BA4 /* watterAppWidget.intentdefinition in Sources */,
				1969C9DA29375A070032AED5 /* Persistence.swift in Sources */,
				196F6D46295A4751009D444F /* AwardItem.swift in Sources */,
				190A72A52941FFB9009E79C7 /* PieSliceView.swift in Sources */,
				190745EC293F30DC00C6B5BF /* Pie.swift in Sources */,
				19C72CDB2954597A009662FF /* NewWorkoutInfoBarView.swift in Sources */,
				197A4548293C00B3008B33DA /* DayItem.swift in Sources */,
				1938E92929587813003F8390 /* AwardListView.swift in Sources */,
				19FB055D29493FB90085709A /* GeneralExtensions.swift in Sources */,
				193BB086293D315F00AB5840 /* DropDown.swift in Sources */,
				197A454D293C0B9F008B33DA /* ContinueRing.swift in Sources */,
				19C72CD129545299009662FF /* NewWorkoutManager.swift in Sources */,
				197A454B293C0B7D008B33DA /* WaveShape.swift in Sources */,
				1949679A295997B90014BA4F /* GenericPopupView.swift in Sources */,
				193BB08C293DF25B00AB5840 /* SettingsVM.swift in Sources */,
				1965CF9B29618E250049BAC6 /* WaterTypesListView.swift in Sources */,
				193BB097293DF45400AB5840 /* AddWaterButton.swift in Sources */,
				1909FA99295D803E00D73F9E /* Constants.swift in Sources */,
				193BB095293DF3FF00AB5840 /* CustomTextTapView.swift in Sources */,
				19F870802938F18000500178 /* ChartsView.swift in Sources */,
			);
			runOnlyForDeploymentPostprocessing = 0;
		};
/* End PBXSourcesBuildPhase section */

/* Begin PBXTargetDependency section */
		19579598295C2CB9005E7BA4 /* PBXTargetDependency */ = {
			isa = PBXTargetDependency;
			target = 19579583295C2CB4005E7BA4 /* watterAppWidgetExtension */;
			targetProxy = 19579597295C2CB9005E7BA4 /* PBXContainerItemProxy */;
		};
/* End PBXTargetDependency section */

/* Begin XCBuildConfiguration section */
		1957959B295C2CB9005E7BA4 /* Debug */ = {
			isa = XCBuildConfiguration;
			buildSettings = {
				ASSETCATALOG_COMPILER_GLOBAL_ACCENT_COLOR_NAME = AccentColor;
				ASSETCATALOG_COMPILER_WIDGET_BACKGROUND_COLOR_NAME = WidgetBackground;
				CODE_SIGN_ENTITLEMENTS = watterAppWidgetExtension.entitlements;
				CODE_SIGN_STYLE = Automatic;
				CURRENT_PROJECT_VERSION = 1;
				DEVELOPMENT_TEAM = X8RDCFJK95;
				GENERATE_INFOPLIST_FILE = YES;
				INFOPLIST_FILE = watterAppWidget/Info.plist;
				INFOPLIST_KEY_CFBundleDisplayName = watterAppWidget;
				INFOPLIST_KEY_NSHumanReadableCopyright = "";
				IPHONEOS_DEPLOYMENT_TARGET = 16.1;
				LD_RUNPATH_SEARCH_PATHS = (
					"$(inherited)",
					"@executable_path/Frameworks",
					"@executable_path/../../Frameworks",
				);
				MARKETING_VERSION = 1.0;
				PRODUCT_BUNDLE_IDENTIFIER = com.kaltura.mediaWaApp.WatterApp.watterAppWidget;
				PRODUCT_NAME = "$(TARGET_NAME)";
				SDKROOT = iphoneos;
				SKIP_INSTALL = YES;
				SWIFT_EMIT_LOC_STRINGS = YES;
				SWIFT_VERSION = 5.0;
				TARGETED_DEVICE_FAMILY = "1,2";
			};
			name = Debug;
		};
		1957959C295C2CB9005E7BA4 /* Release */ = {
			isa = XCBuildConfiguration;
			buildSettings = {
				ASSETCATALOG_COMPILER_GLOBAL_ACCENT_COLOR_NAME = AccentColor;
				ASSETCATALOG_COMPILER_WIDGET_BACKGROUND_COLOR_NAME = WidgetBackground;
				CODE_SIGN_ENTITLEMENTS = watterAppWidgetExtension.entitlements;
				CODE_SIGN_STYLE = Automatic;
				CURRENT_PROJECT_VERSION = 1;
				DEVELOPMENT_TEAM = X8RDCFJK95;
				GENERATE_INFOPLIST_FILE = YES;
				INFOPLIST_FILE = watterAppWidget/Info.plist;
				INFOPLIST_KEY_CFBundleDisplayName = watterAppWidget;
				INFOPLIST_KEY_NSHumanReadableCopyright = "";
				IPHONEOS_DEPLOYMENT_TARGET = 16.1;
				LD_RUNPATH_SEARCH_PATHS = (
					"$(inherited)",
					"@executable_path/Frameworks",
					"@executable_path/../../Frameworks",
				);
				MARKETING_VERSION = 1.0;
				PRODUCT_BUNDLE_IDENTIFIER = com.kaltura.mediaWaApp.WatterApp.watterAppWidget;
				PRODUCT_NAME = "$(TARGET_NAME)";
				SDKROOT = iphoneos;
				SKIP_INSTALL = YES;
				SWIFT_EMIT_LOC_STRINGS = YES;
				SWIFT_VERSION = 5.0;
				TARGETED_DEVICE_FAMILY = "1,2";
				VALIDATE_PRODUCT = YES;
			};
			name = Release;
		};
		1969C9E629375A090032AED5 /* Debug */ = {
			isa = XCBuildConfiguration;
			buildSettings = {
				ALWAYS_SEARCH_USER_PATHS = NO;
				CLANG_ANALYZER_NONNULL = YES;
				CLANG_ANALYZER_NUMBER_OBJECT_CONVERSION = YES_AGGRESSIVE;
				CLANG_CXX_LANGUAGE_STANDARD = "gnu++20";
				CLANG_ENABLE_MODULES = YES;
				CLANG_ENABLE_OBJC_ARC = YES;
				CLANG_ENABLE_OBJC_WEAK = YES;
				CLANG_WARN_BLOCK_CAPTURE_AUTORELEASING = YES;
				CLANG_WARN_BOOL_CONVERSION = YES;
				CLANG_WARN_COMMA = YES;
				CLANG_WARN_CONSTANT_CONVERSION = YES;
				CLANG_WARN_DEPRECATED_OBJC_IMPLEMENTATIONS = YES;
				CLANG_WARN_DIRECT_OBJC_ISA_USAGE = YES_ERROR;
				CLANG_WARN_DOCUMENTATION_COMMENTS = YES;
				CLANG_WARN_EMPTY_BODY = YES;
				CLANG_WARN_ENUM_CONVERSION = YES;
				CLANG_WARN_INFINITE_RECURSION = YES;
				CLANG_WARN_INT_CONVERSION = YES;
				CLANG_WARN_NON_LITERAL_NULL_CONVERSION = YES;
				CLANG_WARN_OBJC_IMPLICIT_RETAIN_SELF = YES;
				CLANG_WARN_OBJC_LITERAL_CONVERSION = YES;
				CLANG_WARN_OBJC_ROOT_CLASS = YES_ERROR;
				CLANG_WARN_QUOTED_INCLUDE_IN_FRAMEWORK_HEADER = YES;
				CLANG_WARN_RANGE_LOOP_ANALYSIS = YES;
				CLANG_WARN_STRICT_PROTOTYPES = YES;
				CLANG_WARN_SUSPICIOUS_MOVE = YES;
				CLANG_WARN_UNGUARDED_AVAILABILITY = YES_AGGRESSIVE;
				CLANG_WARN_UNREACHABLE_CODE = YES;
				CLANG_WARN__DUPLICATE_METHOD_MATCH = YES;
				COPY_PHASE_STRIP = NO;
				DEBUG_INFORMATION_FORMAT = dwarf;
				ENABLE_STRICT_OBJC_MSGSEND = YES;
				ENABLE_TESTABILITY = YES;
				GCC_C_LANGUAGE_STANDARD = gnu11;
				GCC_DYNAMIC_NO_PIC = NO;
				GCC_NO_COMMON_BLOCKS = YES;
				GCC_OPTIMIZATION_LEVEL = 0;
				GCC_PREPROCESSOR_DEFINITIONS = (
					"DEBUG=1",
					"$(inherited)",
				);
				GCC_WARN_64_TO_32_BIT_CONVERSION = YES;
				GCC_WARN_ABOUT_RETURN_TYPE = YES_ERROR;
				GCC_WARN_UNDECLARED_SELECTOR = YES;
				GCC_WARN_UNINITIALIZED_AUTOS = YES_AGGRESSIVE;
				GCC_WARN_UNUSED_FUNCTION = YES;
				GCC_WARN_UNUSED_VARIABLE = YES;
				MTL_ENABLE_DEBUG_INFO = INCLUDE_SOURCE;
				MTL_FAST_MATH = YES;
				ONLY_ACTIVE_ARCH = YES;
				SWIFT_ACTIVE_COMPILATION_CONDITIONS = DEBUG;
				SWIFT_OPTIMIZATION_LEVEL = "-Onone";
			};
			name = Debug;
		};
		1969C9E729375A090032AED5 /* Release */ = {
			isa = XCBuildConfiguration;
			buildSettings = {
				ALWAYS_SEARCH_USER_PATHS = NO;
				CLANG_ANALYZER_NONNULL = YES;
				CLANG_ANALYZER_NUMBER_OBJECT_CONVERSION = YES_AGGRESSIVE;
				CLANG_CXX_LANGUAGE_STANDARD = "gnu++20";
				CLANG_ENABLE_MODULES = YES;
				CLANG_ENABLE_OBJC_ARC = YES;
				CLANG_ENABLE_OBJC_WEAK = YES;
				CLANG_WARN_BLOCK_CAPTURE_AUTORELEASING = YES;
				CLANG_WARN_BOOL_CONVERSION = YES;
				CLANG_WARN_COMMA = YES;
				CLANG_WARN_CONSTANT_CONVERSION = YES;
				CLANG_WARN_DEPRECATED_OBJC_IMPLEMENTATIONS = YES;
				CLANG_WARN_DIRECT_OBJC_ISA_USAGE = YES_ERROR;
				CLANG_WARN_DOCUMENTATION_COMMENTS = YES;
				CLANG_WARN_EMPTY_BODY = YES;
				CLANG_WARN_ENUM_CONVERSION = YES;
				CLANG_WARN_INFINITE_RECURSION = YES;
				CLANG_WARN_INT_CONVERSION = YES;
				CLANG_WARN_NON_LITERAL_NULL_CONVERSION = YES;
				CLANG_WARN_OBJC_IMPLICIT_RETAIN_SELF = YES;
				CLANG_WARN_OBJC_LITERAL_CONVERSION = YES;
				CLANG_WARN_OBJC_ROOT_CLASS = YES_ERROR;
				CLANG_WARN_QUOTED_INCLUDE_IN_FRAMEWORK_HEADER = YES;
				CLANG_WARN_RANGE_LOOP_ANALYSIS = YES;
				CLANG_WARN_STRICT_PROTOTYPES = YES;
				CLANG_WARN_SUSPICIOUS_MOVE = YES;
				CLANG_WARN_UNGUARDED_AVAILABILITY = YES_AGGRESSIVE;
				CLANG_WARN_UNREACHABLE_CODE = YES;
				CLANG_WARN__DUPLICATE_METHOD_MATCH = YES;
				COPY_PHASE_STRIP = NO;
				DEBUG_INFORMATION_FORMAT = "dwarf-with-dsym";
				ENABLE_NS_ASSERTIONS = NO;
				ENABLE_STRICT_OBJC_MSGSEND = YES;
				GCC_C_LANGUAGE_STANDARD = gnu11;
				GCC_NO_COMMON_BLOCKS = YES;
				GCC_WARN_64_TO_32_BIT_CONVERSION = YES;
				GCC_WARN_ABOUT_RETURN_TYPE = YES_ERROR;
				GCC_WARN_UNDECLARED_SELECTOR = YES;
				GCC_WARN_UNINITIALIZED_AUTOS = YES_AGGRESSIVE;
				GCC_WARN_UNUSED_FUNCTION = YES;
				GCC_WARN_UNUSED_VARIABLE = YES;
				MTL_ENABLE_DEBUG_INFO = NO;
				MTL_FAST_MATH = YES;
				SWIFT_COMPILATION_MODE = wholemodule;
				SWIFT_OPTIMIZATION_LEVEL = "-O";
			};
			name = Release;
		};
		1969C9E929375A090032AED5 /* Debug */ = {
			isa = XCBuildConfiguration;
			buildSettings = {
				ALWAYS_EMBED_SWIFT_STANDARD_LIBRARIES = YES;
				ASSETCATALOG_COMPILER_APPICON_NAME = AppIcon;
				ASSETCATALOG_COMPILER_GLOBAL_ACCENT_COLOR_NAME = AccentColor;
				CODE_SIGN_ENTITLEMENTS = WatterApp/WatterApp.entitlements;
				CODE_SIGN_STYLE = Automatic;
				CURRENT_PROJECT_VERSION = 1.1;
				DEVELOPMENT_ASSET_PATHS = "\"WatterApp/Preview Content\"";
				DEVELOPMENT_TEAM = X8RDCFJK95;
				ENABLE_HARDENED_RUNTIME = YES;
				ENABLE_PREVIEWS = YES;
				GENERATE_INFOPLIST_FILE = YES;
				INFOPLIST_FILE = WatterApp/Info.plist;
				INFOPLIST_KEY_CFBundleDisplayName = "Water app";
				INFOPLIST_KEY_LSApplicationCategoryType = "public.app-category.healthcare-fitness";
				INFOPLIST_KEY_NSHealthShareUsageDescription = "MyMap shows all your workouts on one map";
				INFOPLIST_KEY_NSHealthUpdateUsageDescription = "App saves the workouts you record in the Health App";
				INFOPLIST_KEY_NSLocationAlwaysAndWhenInUseUsageDescription = "App needs to record your workout route when your phone is turned off";
				INFOPLIST_KEY_NSLocationWhenInUseUsageDescription = "App shows your current location on the map";
				"INFOPLIST_KEY_UIApplicationSceneManifest_Generation[sdk=iphoneos*]" = YES;
				"INFOPLIST_KEY_UIApplicationSceneManifest_Generation[sdk=iphonesimulator*]" = YES;
				"INFOPLIST_KEY_UIApplicationSupportsIndirectInputEvents[sdk=iphoneos*]" = YES;
				"INFOPLIST_KEY_UIApplicationSupportsIndirectInputEvents[sdk=iphonesimulator*]" = YES;
				"INFOPLIST_KEY_UILaunchScreen_Generation[sdk=iphoneos*]" = YES;
				"INFOPLIST_KEY_UILaunchScreen_Generation[sdk=iphonesimulator*]" = YES;
				"INFOPLIST_KEY_UIStatusBarStyle[sdk=iphoneos*]" = UIStatusBarStyleDefault;
				"INFOPLIST_KEY_UIStatusBarStyle[sdk=iphonesimulator*]" = UIStatusBarStyleDefault;
				INFOPLIST_KEY_UISupportedInterfaceOrientations = UIInterfaceOrientationPortrait;
				INFOPLIST_KEY_UISupportedInterfaceOrientations_iPad = "UIInterfaceOrientationLandscapeLeft UIInterfaceOrientationLandscapeRight UIInterfaceOrientationPortrait UIInterfaceOrientationPortraitUpsideDown";
				IPHONEOS_DEPLOYMENT_TARGET = 16.1;
				LD_RUNPATH_SEARCH_PATHS = "@executable_path/Frameworks";
				"LD_RUNPATH_SEARCH_PATHS[sdk=macosx*]" = "@executable_path/../Frameworks";
				MACOSX_DEPLOYMENT_TARGET = 13.0;
				MARKETING_VERSION = 1.0;
				PRODUCT_BUNDLE_IDENTIFIER = com.kaltura.mediaWaApp.WatterApp;
				PRODUCT_NAME = "$(TARGET_NAME)";
				SDKROOT = auto;
				SUPPORTED_PLATFORMS = "iphoneos iphonesimulator macosx";
				SWIFT_EMIT_LOC_STRINGS = YES;
				SWIFT_VERSION = 5.0;
				TARGETED_DEVICE_FAMILY = "1,2";
			};
			name = Debug;
		};
		1969C9EA29375A090032AED5 /* Release */ = {
			isa = XCBuildConfiguration;
			buildSettings = {
				ALWAYS_EMBED_SWIFT_STANDARD_LIBRARIES = YES;
				ASSETCATALOG_COMPILER_APPICON_NAME = AppIcon;
				ASSETCATALOG_COMPILER_GLOBAL_ACCENT_COLOR_NAME = AccentColor;
				CODE_SIGN_ENTITLEMENTS = WatterApp/WatterApp.entitlements;
				CODE_SIGN_STYLE = Automatic;
				CURRENT_PROJECT_VERSION = 1.1;
				DEVELOPMENT_ASSET_PATHS = "\"WatterApp/Preview Content\"";
				DEVELOPMENT_TEAM = X8RDCFJK95;
				ENABLE_HARDENED_RUNTIME = YES;
				ENABLE_PREVIEWS = YES;
				GENERATE_INFOPLIST_FILE = YES;
				INFOPLIST_FILE = WatterApp/Info.plist;
				INFOPLIST_KEY_CFBundleDisplayName = "Water app";
				INFOPLIST_KEY_LSApplicationCategoryType = "public.app-category.healthcare-fitness";
				INFOPLIST_KEY_NSHealthShareUsageDescription = "MyMap shows all your workouts on one map";
				INFOPLIST_KEY_NSHealthUpdateUsageDescription = "App saves the workouts you record in the Health App";
				INFOPLIST_KEY_NSLocationAlwaysAndWhenInUseUsageDescription = "App needs to record your workout route when your phone is turned off";
				INFOPLIST_KEY_NSLocationWhenInUseUsageDescription = "App shows your current location on the map";
				"INFOPLIST_KEY_UIApplicationSceneManifest_Generation[sdk=iphoneos*]" = YES;
				"INFOPLIST_KEY_UIApplicationSceneManifest_Generation[sdk=iphonesimulator*]" = YES;
				"INFOPLIST_KEY_UIApplicationSupportsIndirectInputEvents[sdk=iphoneos*]" = YES;
				"INFOPLIST_KEY_UIApplicationSupportsIndirectInputEvents[sdk=iphonesimulator*]" = YES;
				"INFOPLIST_KEY_UILaunchScreen_Generation[sdk=iphoneos*]" = YES;
				"INFOPLIST_KEY_UILaunchScreen_Generation[sdk=iphonesimulator*]" = YES;
				"INFOPLIST_KEY_UIStatusBarStyle[sdk=iphoneos*]" = UIStatusBarStyleDefault;
				"INFOPLIST_KEY_UIStatusBarStyle[sdk=iphonesimulator*]" = UIStatusBarStyleDefault;
				INFOPLIST_KEY_UISupportedInterfaceOrientations = UIInterfaceOrientationPortrait;
				INFOPLIST_KEY_UISupportedInterfaceOrientations_iPad = "UIInterfaceOrientationLandscapeLeft UIInterfaceOrientationLandscapeRight UIInterfaceOrientationPortrait UIInterfaceOrientationPortraitUpsideDown";
				IPHONEOS_DEPLOYMENT_TARGET = 16.1;
				LD_RUNPATH_SEARCH_PATHS = "@executable_path/Frameworks";
				"LD_RUNPATH_SEARCH_PATHS[sdk=macosx*]" = "@executable_path/../Frameworks";
				MACOSX_DEPLOYMENT_TARGET = 13.0;
				MARKETING_VERSION = 1.0;
				PRODUCT_BUNDLE_IDENTIFIER = com.kaltura.mediaWaApp.WatterApp;
				PRODUCT_NAME = "$(TARGET_NAME)";
				SDKROOT = auto;
				SUPPORTED_PLATFORMS = "iphoneos iphonesimulator macosx";
				SWIFT_EMIT_LOC_STRINGS = YES;
				SWIFT_VERSION = 5.0;
				TARGETED_DEVICE_FAMILY = "1,2";
			};
			name = Release;
		};
/* End XCBuildConfiguration section */

/* Begin XCConfigurationList section */
		1957959D295C2CB9005E7BA4 /* Build configuration list for PBXNativeTarget "watterAppWidgetExtension" */ = {
			isa = XCConfigurationList;
			buildConfigurations = (
				1957959B295C2CB9005E7BA4 /* Debug */,
				1957959C295C2CB9005E7BA4 /* Release */,
			);
			defaultConfigurationIsVisible = 0;
			defaultConfigurationName = Release;
		};
		1969C9CF29375A070032AED5 /* Build configuration list for PBXProject "WatterApp" */ = {
			isa = XCConfigurationList;
			buildConfigurations = (
				1969C9E629375A090032AED5 /* Debug */,
				1969C9E729375A090032AED5 /* Release */,
			);
			defaultConfigurationIsVisible = 0;
			defaultConfigurationName = Release;
		};
		1969C9E829375A090032AED5 /* Build configuration list for PBXNativeTarget "WatterApp" */ = {
			isa = XCConfigurationList;
			buildConfigurations = (
				1969C9E929375A090032AED5 /* Debug */,
				1969C9EA29375A090032AED5 /* Release */,
			);
			defaultConfigurationIsVisible = 0;
			defaultConfigurationName = Release;
		};
/* End XCConfigurationList section */

/* Begin XCVersionGroup section */
		1969C9DB29375A070032AED5 /* WatterApp.xcdatamodeld */ = {
			isa = XCVersionGroup;
			children = (
				1969C9DC29375A070032AED5 /* WatterApp.xcdatamodel */,
			);
			currentVersion = 1969C9DC29375A070032AED5 /* WatterApp.xcdatamodel */;
			path = WatterApp.xcdatamodeld;
			sourceTree = "<group>";
			versionGroupType = wrapper.xcdatamodel;
		};
/* End XCVersionGroup section */
	};
	rootObject = 1969C9CC29375A070032AED5 /* Project object */;
}
